// !$*UTF8*$!
{
	archiveVersion = 1;
	classes = {
	};
	objectVersion = 46;
	objects = {

/* Begin PBXBuildFile section */
		BE1491F71919EDF900A86A12 /* Foundation.framework in Frameworks */ = {isa = PBXBuildFile; fileRef = BE1491F61919EDF900A86A12 /* Foundation.framework */; };
		BE1491F91919EDF900A86A12 /* CoreGraphics.framework in Frameworks */ = {isa = PBXBuildFile; fileRef = BE1491F81919EDF900A86A12 /* CoreGraphics.framework */; };
		BE1491FB1919EDF900A86A12 /* UIKit.framework in Frameworks */ = {isa = PBXBuildFile; fileRef = BE1491FA1919EDF900A86A12 /* UIKit.framework */; };
		BE1492011919EDF900A86A12 /* InfoPlist.strings in Resources */ = {isa = PBXBuildFile; fileRef = BE1491FF1919EDF900A86A12 /* InfoPlist.strings */; };
		BE1492031919EDF900A86A12 /* main.m in Sources */ = {isa = PBXBuildFile; fileRef = BE1492021919EDF900A86A12 /* main.m */; };
		BE1492071919EDF900A86A12 /* UNCAppDelegate.m in Sources */ = {isa = PBXBuildFile; fileRef = BE1492061919EDF900A86A12 /* UNCAppDelegate.m */; };
		BE14920A1919EDF900A86A12 /* Main.storyboard in Resources */ = {isa = PBXBuildFile; fileRef = BE1492081919EDF900A86A12 /* Main.storyboard */; };
		BE14920D1919EDF900A86A12 /* UNCViewController.m in Sources */ = {isa = PBXBuildFile; fileRef = BE14920C1919EDF900A86A12 /* UNCViewController.m */; };
		BE14920F1919EDF900A86A12 /* Images.xcassets in Resources */ = {isa = PBXBuildFile; fileRef = BE14920E1919EDF900A86A12 /* Images.xcassets */; };
		BE1492161919EDF900A86A12 /* XCTest.framework in Frameworks */ = {isa = PBXBuildFile; fileRef = BE1492151919EDF900A86A12 /* XCTest.framework */; };
		BE1492171919EDF900A86A12 /* Foundation.framework in Frameworks */ = {isa = PBXBuildFile; fileRef = BE1491F61919EDF900A86A12 /* Foundation.framework */; };
		BE1492181919EDF900A86A12 /* UIKit.framework in Frameworks */ = {isa = PBXBuildFile; fileRef = BE1491FA1919EDF900A86A12 /* UIKit.framework */; };
		BE1492201919EDF900A86A12 /* InfoPlist.strings in Resources */ = {isa = PBXBuildFile; fileRef = BE14921E1919EDF900A86A12 /* InfoPlist.strings */; };
		BE1492221919EDF900A86A12 /* UNCApiTests.m in Sources */ = {isa = PBXBuildFile; fileRef = BE1492211919EDF900A86A12 /* UNCApiTests.m */; };
/* End PBXBuildFile section */

/* Begin PBXContainerItemProxy section */
		BE1492191919EDF900A86A12 /* PBXContainerItemProxy */ = {
			isa = PBXContainerItemProxy;
			containerPortal = BE1491EB1919EDF900A86A12 /* Project object */;
			proxyType = 1;
			remoteGlobalIDString = BE1491F21919EDF900A86A12;
			remoteInfo = UNCApi;
		};
/* End PBXContainerItemProxy section */

/* Begin PBXFileReference section */
		BE1491F31919EDF900A86A12 /* UNCApi.app */ = {isa = PBXFileReference; explicitFileType = wrapper.application; includeInIndex = 0; path = UNCApi.app; sourceTree = BUILT_PRODUCTS_DIR; };
		BE1491F61919EDF900A86A12 /* Foundation.framework */ = {isa = PBXFileReference; lastKnownFileType = wrapper.framework; name = Foundation.framework; path = System/Library/Frameworks/Foundation.framework; sourceTree = SDKROOT; };
		BE1491F81919EDF900A86A12 /* CoreGraphics.framework */ = {isa = PBXFileReference; lastKnownFileType = wrapper.framework; name = CoreGraphics.framework; path = System/Library/Frameworks/CoreGraphics.framework; sourceTree = SDKROOT; };
		BE1491FA1919EDF900A86A12 /* UIKit.framework */ = {isa = PBXFileReference; lastKnownFileType = wrapper.framework; name = UIKit.framework; path = System/Library/Frameworks/UIKit.framework; sourceTree = SDKROOT; };
		BE1491FE1919EDF900A86A12 /* UNCApi-Info.plist */ = {isa = PBXFileReference; lastKnownFileType = text.plist.xml; path = "UNCApi-Info.plist"; sourceTree = "<group>"; };
		BE1492001919EDF900A86A12 /* en */ = {isa = PBXFileReference; lastKnownFileType = text.plist.strings; name = en; path = en.lproj/InfoPlist.strings; sourceTree = "<group>"; };
		BE1492021919EDF900A86A12 /* main.m */ = {isa = PBXFileReference; lastKnownFileType = sourcecode.c.objc; path = main.m; sourceTree = "<group>"; };
		BE1492041919EDF900A86A12 /* UNCApi-Prefix.pch */ = {isa = PBXFileReference; lastKnownFileType = sourcecode.c.h; path = "UNCApi-Prefix.pch"; sourceTree = "<group>"; };
		BE1492051919EDF900A86A12 /* UNCAppDelegate.h */ = {isa = PBXFileReference; lastKnownFileType = sourcecode.c.h; path = UNCAppDelegate.h; sourceTree = "<group>"; };
		BE1492061919EDF900A86A12 /* UNCAppDelegate.m */ = {isa = PBXFileReference; lastKnownFileType = sourcecode.c.objc; path = UNCAppDelegate.m; sourceTree = "<group>"; };
		BE1492091919EDF900A86A12 /* Base */ = {isa = PBXFileReference; lastKnownFileType = file.storyboard; name = Base; path = Base.lproj/Main.storyboard; sourceTree = "<group>"; };
		BE14920B1919EDF900A86A12 /* UNCViewController.h */ = {isa = PBXFileReference; lastKnownFileType = sourcecode.c.h; path = UNCViewController.h; sourceTree = "<group>"; };
		BE14920C1919EDF900A86A12 /* UNCViewController.m */ = {isa = PBXFileReference; lastKnownFileType = sourcecode.c.objc; path = UNCViewController.m; sourceTree = "<group>"; };
		BE14920E1919EDF900A86A12 /* Images.xcassets */ = {isa = PBXFileReference; lastKnownFileType = folder.assetcatalog; path = Images.xcassets; sourceTree = "<group>"; };
		BE1492141919EDF900A86A12 /* UNCApiTests.xctest */ = {isa = PBXFileReference; explicitFileType = wrapper.cfbundle; includeInIndex = 0; path = UNCApiTests.xctest; sourceTree = BUILT_PRODUCTS_DIR; };
		BE1492151919EDF900A86A12 /* XCTest.framework */ = {isa = PBXFileReference; lastKnownFileType = wrapper.framework; name = XCTest.framework; path = Library/Frameworks/XCTest.framework; sourceTree = DEVELOPER_DIR; };
		BE14921D1919EDF900A86A12 /* UNCApiTests-Info.plist */ = {isa = PBXFileReference; lastKnownFileType = text.plist.xml; path = "UNCApiTests-Info.plist"; sourceTree = "<group>"; };
		BE14921F1919EDF900A86A12 /* en */ = {isa = PBXFileReference; lastKnownFileType = text.plist.strings; name = en; path = en.lproj/InfoPlist.strings; sourceTree = "<group>"; };
		BE1492211919EDF900A86A12 /* UNCApiTests.m */ = {isa = PBXFileReference; lastKnownFileType = sourcecode.c.objc; path = UNCApiTests.m; sourceTree = "<group>"; };
/* End PBXFileReference section */

/* Begin PBXFrameworksBuildPhase section */
		BE1491F01919EDF900A86A12 /* Frameworks */ = {
			isa = PBXFrameworksBuildPhase;
			buildActionMask = 2147483647;
			files = (
				BE1491F91919EDF900A86A12 /* CoreGraphics.framework in Frameworks */,
				BE1491FB1919EDF900A86A12 /* UIKit.framework in Frameworks */,
				BE1491F71919EDF900A86A12 /* Foundation.framework in Frameworks */,
			);
			runOnlyForDeploymentPostprocessing = 0;
		};
		BE1492111919EDF900A86A12 /* Frameworks */ = {
			isa = PBXFrameworksBuildPhase;
			buildActionMask = 2147483647;
			files = (
				BE1492161919EDF900A86A12 /* XCTest.framework in Frameworks */,
				BE1492181919EDF900A86A12 /* UIKit.framework in Frameworks */,
				BE1492171919EDF900A86A12 /* Foundation.framework in Frameworks */,
			);
			runOnlyForDeploymentPostprocessing = 0;
		};
/* End PBXFrameworksBuildPhase section */

/* Begin PBXGroup section */
		BE1491EA1919EDF900A86A12 = {
			isa = PBXGroup;
			children = (
				BE1491FC1919EDF900A86A12 /* UNCApi */,
				BE14921B1919EDF900A86A12 /* UNCApiTests */,
				BE1491F51919EDF900A86A12 /* Frameworks */,
				BE1491F41919EDF900A86A12 /* Products */,
			);
			sourceTree = "<group>";
		};
		BE1491F41919EDF900A86A12 /* Products */ = {
			isa = PBXGroup;
			children = (
				BE1491F31919EDF900A86A12 /* UNCApi.app */,
				BE1492141919EDF900A86A12 /* UNCApiTests.xctest */,
			);
			name = Products;
			sourceTree = "<group>";
		};
		BE1491F51919EDF900A86A12 /* Frameworks */ = {
			isa = PBXGroup;
			children = (
				BE1491F61919EDF900A86A12 /* Foundation.framework */,
				BE1491F81919EDF900A86A12 /* CoreGraphics.framework */,
				BE1491FA1919EDF900A86A12 /* UIKit.framework */,
				BE1492151919EDF900A86A12 /* XCTest.framework */,
			);
			name = Frameworks;
			sourceTree = "<group>";
		};
		BE1491FC1919EDF900A86A12 /* UNCApi */ = {
			isa = PBXGroup;
			children = (
				BE1492051919EDF900A86A12 /* UNCAppDelegate.h */,
				BE1492061919EDF900A86A12 /* UNCAppDelegate.m */,
				BE1492081919EDF900A86A12 /* Main.storyboard */,
				BE14920B1919EDF900A86A12 /* UNCViewController.h */,
				BE14920C1919EDF900A86A12 /* UNCViewController.m */,
				BE14920E1919EDF900A86A12 /* Images.xcassets */,
				BE1491FD1919EDF900A86A12 /* Supporting Files */,
			);
			path = UNCApi;
			sourceTree = "<group>";
		};
		BE1491FD1919EDF900A86A12 /* Supporting Files */ = {
			isa = PBXGroup;
			children = (
				BE1491FE1919EDF900A86A12 /* UNCApi-Info.plist */,
				BE1491FF1919EDF900A86A12 /* InfoPlist.strings */,
				BE1492021919EDF900A86A12 /* main.m */,
				BE1492041919EDF900A86A12 /* UNCApi-Prefix.pch */,
			);
			name = "Supporting Files";
			sourceTree = "<group>";
		};
		BE14921B1919EDF900A86A12 /* UNCApiTests */ = {
			isa = PBXGroup;
			children = (
				BE1492211919EDF900A86A12 /* UNCApiTests.m */,
				BE14921C1919EDF900A86A12 /* Supporting Files */,
			);
			path = UNCApiTests;
			sourceTree = "<group>";
		};
		BE14921C1919EDF900A86A12 /* Supporting Files */ = {
			isa = PBXGroup;
			children = (
				BE14921D1919EDF900A86A12 /* UNCApiTests-Info.plist */,
				BE14921E1919EDF900A86A12 /* InfoPlist.strings */,
			);
			name = "Supporting Files";
			sourceTree = "<group>";
		};
/* End PBXGroup section */

/* Begin PBXNativeTarget section */
		BE1491F21919EDF900A86A12 /* UNCApi */ = {
			isa = PBXNativeTarget;
			buildConfigurationList = BE1492251919EDF900A86A12 /* Build configuration list for PBXNativeTarget "UNCApi" */;
			buildPhases = (
				BE1491EF1919EDF900A86A12 /* Sources */,
				BE1491F01919EDF900A86A12 /* Frameworks */,
				BE1491F11919EDF900A86A12 /* Resources */,
			);
			buildRules = (
			);
			dependencies = (
			);
			name = UNCApi;
			productName = UNCApi;
			productReference = BE1491F31919EDF900A86A12 /* UNCApi.app */;
			productType = "com.apple.product-type.application";
		};
		BE1492131919EDF900A86A12 /* UNCApiTests */ = {
			isa = PBXNativeTarget;
			buildConfigurationList = BE1492281919EDF900A86A12 /* Build configuration list for PBXNativeTarget "UNCApiTests" */;
			buildPhases = (
				BE1492101919EDF900A86A12 /* Sources */,
				BE1492111919EDF900A86A12 /* Frameworks */,
				BE1492121919EDF900A86A12 /* Resources */,
			);
			buildRules = (
			);
			dependencies = (
				BE14921A1919EDF900A86A12 /* PBXTargetDependency */,
			);
			name = UNCApiTests;
			productName = UNCApiTests;
			productReference = BE1492141919EDF900A86A12 /* UNCApiTests.xctest */;
			productType = "com.apple.product-type.bundle.unit-test";
		};
/* End PBXNativeTarget section */

/* Begin PBXProject section */
		BE1491EB1919EDF900A86A12 /* Project object */ = {
			isa = PBXProject;
			attributes = {
				CLASSPREFIX = UNC;
				LastUpgradeCheck = 0510;
				ORGANIZATIONNAME = unchi;
				TargetAttributes = {
					BE1492131919EDF900A86A12 = {
						TestTargetID = BE1491F21919EDF900A86A12;
					};
				};
			};
			buildConfigurationList = BE1491EE1919EDF900A86A12 /* Build configuration list for PBXProject "UNCApi" */;
			compatibilityVersion = "Xcode 3.2";
			developmentRegion = English;
			hasScannedForEncodings = 0;
			knownRegions = (
				en,
				Base,
			);
			mainGroup = BE1491EA1919EDF900A86A12;
			productRefGroup = BE1491F41919EDF900A86A12 /* Products */;
			projectDirPath = "";
			projectRoot = "";
			targets = (
				BE1491F21919EDF900A86A12 /* UNCApi */,
				BE1492131919EDF900A86A12 /* UNCApiTests */,
			);
		};
/* End PBXProject section */

/* Begin PBXResourcesBuildPhase section */
		BE1491F11919EDF900A86A12 /* Resources */ = {
			isa = PBXResourcesBuildPhase;
			buildActionMask = 2147483647;
			files = (
				BE14920F1919EDF900A86A12 /* Images.xcassets in Resources */,
				BE1492011919EDF900A86A12 /* InfoPlist.strings in Resources */,
				BE14920A1919EDF900A86A12 /* Main.storyboard in Resources */,
			);
			runOnlyForDeploymentPostprocessing = 0;
		};
		BE1492121919EDF900A86A12 /* Resources */ = {
			isa = PBXResourcesBuildPhase;
			buildActionMask = 2147483647;
			files = (
				BE1492201919EDF900A86A12 /* InfoPlist.strings in Resources */,
			);
			runOnlyForDeploymentPostprocessing = 0;
		};
/* End PBXResourcesBuildPhase section */

/* Begin PBXSourcesBuildPhase section */
		BE1491EF1919EDF900A86A12 /* Sources */ = {
			isa = PBXSourcesBuildPhase;
			buildActionMask = 2147483647;
			files = (
				BE14920D1919EDF900A86A12 /* UNCViewController.m in Sources */,
				BE1492031919EDF900A86A12 /* main.m in Sources */,
				BE1492071919EDF900A86A12 /* UNCAppDelegate.m in Sources */,
			);
			runOnlyForDeploymentPostprocessing = 0;
		};
		BE1492101919EDF900A86A12 /* Sources */ = {
			isa = PBXSourcesBuildPhase;
			buildActionMask = 2147483647;
			files = (
				BE1492221919EDF900A86A12 /* UNCApiTests.m in Sources */,
			);
			runOnlyForDeploymentPostprocessing = 0;
		};
/* End PBXSourcesBuildPhase section */

/* Begin PBXTargetDependency section */
		BE14921A1919EDF900A86A12 /* PBXTargetDependency */ = {
			isa = PBXTargetDependency;
			target = BE1491F21919EDF900A86A12 /* UNCApi */;
			targetProxy = BE1492191919EDF900A86A12 /* PBXContainerItemProxy */;
		};
/* End PBXTargetDependency section */

/* Begin PBXVariantGroup section */
		BE1491FF1919EDF900A86A12 /* InfoPlist.strings */ = {
			isa = PBXVariantGroup;
			children = (
				BE1492001919EDF900A86A12 /* en */,
			);
			name = InfoPlist.strings;
			sourceTree = "<group>";
		};
		BE1492081919EDF900A86A12 /* Main.storyboard */ = {
			isa = PBXVariantGroup;
			children = (
				BE1492091919EDF900A86A12 /* Base */,
			);
			name = Main.storyboard;
			sourceTree = "<group>";
		};
		BE14921E1919EDF900A86A12 /* InfoPlist.strings */ = {
			isa = PBXVariantGroup;
			children = (
				BE14921F1919EDF900A86A12 /* en */,
			);
			name = InfoPlist.strings;
			sourceTree = "<group>";
		};
/* End PBXVariantGroup section */

/* Begin XCBuildConfiguration section */
		BE1492231919EDF900A86A12 /* Debug */ = {
			isa = XCBuildConfiguration;
			buildSettings = {
				ALWAYS_SEARCH_USER_PATHS = NO;
				CLANG_CXX_LANGUAGE_STANDARD = "gnu++0x";
				CLANG_CXX_LIBRARY = "libc++";
				CLANG_ENABLE_MODULES = YES;
				CLANG_ENABLE_OBJC_ARC = YES;
				CLANG_WARN_BOOL_CONVERSION = YES;
				CLANG_WARN_CONSTANT_CONVERSION = YES;
				CLANG_WARN_DIRECT_OBJC_ISA_USAGE = YES_ERROR;
				CLANG_WARN_EMPTY_BODY = YES;
				CLANG_WARN_ENUM_CONVERSION = YES;
				CLANG_WARN_INT_CONVERSION = YES;
				CLANG_WARN_OBJC_ROOT_CLASS = YES_ERROR;
				CLANG_WARN__DUPLICATE_METHOD_MATCH = YES;
				"CODE_SIGN_IDENTITY[sdk=iphoneos*]" = "iPhone Developer";
				COPY_PHASE_STRIP = NO;
				GCC_C_LANGUAGE_STANDARD = gnu99;
				GCC_DYNAMIC_NO_PIC = NO;
				GCC_OPTIMIZATION_LEVEL = 0;
				GCC_PREPROCESSOR_DEFINITIONS = (
					"DEBUG=1",
					"$(inherited)",
				);
				GCC_SYMBOLS_PRIVATE_EXTERN = NO;
				GCC_WARN_64_TO_32_BIT_CONVERSION = YES;
				GCC_WARN_ABOUT_RETURN_TYPE = YES_ERROR;
				GCC_WARN_UNDECLARED_SELECTOR = YES;
				GCC_WARN_UNINITIALIZED_AUTOS = YES_AGGRESSIVE;
				GCC_WARN_UNUSED_FUNCTION = YES;
				GCC_WARN_UNUSED_VARIABLE = YES;
				IPHONEOS_DEPLOYMENT_TARGET = 7.1;
				ONLY_ACTIVE_ARCH = YES;
				SDKROOT = iphoneos;
			};
			name = Debug;
		};
		BE1492241919EDF900A86A12 /* Release */ = {
			isa = XCBuildConfiguration;
			buildSettings = {
				ALWAYS_SEARCH_USER_PATHS = NO;
				CLANG_CXX_LANGUAGE_STANDARD = "gnu++0x";
				CLANG_CXX_LIBRARY = "libc++";
				CLANG_ENABLE_MODULES = YES;
				CLANG_ENABLE_OBJC_ARC = YES;
				CLANG_WARN_BOOL_CONVERSION = YES;
				CLANG_WARN_CONSTANT_CONVERSION = YES;
				CLANG_WARN_DIRECT_OBJC_ISA_USAGE = YES_ERROR;
				CLANG_WARN_EMPTY_BODY = YES;
				CLANG_WARN_ENUM_CONVERSION = YES;
				CLANG_WARN_INT_CONVERSION = YES;
				CLANG_WARN_OBJC_ROOT_CLASS = YES_ERROR;
				CLANG_WARN__DUPLICATE_METHOD_MATCH = YES;
				"CODE_SIGN_IDENTITY[sdk=iphoneos*]" = "iPhone Developer";
				COPY_PHASE_STRIP = YES;
				ENABLE_NS_ASSERTIONS = NO;
				GCC_C_LANGUAGE_STANDARD = gnu99;
				GCC_WARN_64_TO_32_BIT_CONVERSION = YES;
				GCC_WARN_ABOUT_RETURN_TYPE = YES_ERROR;
				GCC_WARN_UNDECLARED_SELECTOR = YES;
				GCC_WARN_UNINITIALIZED_AUTOS = YES_AGGRESSIVE;
				GCC_WARN_UNUSED_FUNCTION = YES;
				GCC_WARN_UNUSED_VARIABLE = YES;
				IPHONEOS_DEPLOYMENT_TARGET = 7.1;
				SDKROOT = iphoneos;
				VALIDATE_PRODUCT = YES;
			};
			name = Release;
		};
		BE1492261919EDF900A86A12 /* Debug */ = {
			isa = XCBuildConfiguration;
			buildSettings = {
				ASSETCATALOG_COMPILER_APPICON_NAME = AppIcon;
				ASSETCATALOG_COMPILER_LAUNCHIMAGE_NAME = LaunchImage;
				GCC_PRECOMPILE_PREFIX_HEADER = YES;
				GCC_PREFIX_HEADER = "UNCApi/UNCApi-Prefix.pch";
				INFOPLIST_FILE = "UNCApi/UNCApi-Info.plist";
				PRODUCT_NAME = "$(TARGET_NAME)";
				WRAPPER_EXTENSION = app;
			};
			name = Debug;
		};
		BE1492271919EDF900A86A12 /* Release */ = {
			isa = XCBuildConfiguration;
			buildSettings = {
				ASSETCATALOG_COMPILER_APPICON_NAME = AppIcon;
				ASSETCATALOG_COMPILER_LAUNCHIMAGE_NAME = LaunchImage;
				GCC_PRECOMPILE_PREFIX_HEADER = YES;
				GCC_PREFIX_HEADER = "UNCApi/UNCApi-Prefix.pch";
				INFOPLIST_FILE = "UNCApi/UNCApi-Info.plist";
				PRODUCT_NAME = "$(TARGET_NAME)";
				WRAPPER_EXTENSION = app;
			};
			name = Release;
		};
		BE1492291919EDF900A86A12 /* Debug */ = {
			isa = XCBuildConfiguration;
			buildSettings = {
				BUNDLE_LOADER = "$(BUILT_PRODUCTS_DIR)/UNCApi.app/UNCApi";
				FRAMEWORK_SEARCH_PATHS = (
					"$(SDKROOT)/Developer/Library/Frameworks",
					"$(inherited)",
					"$(DEVELOPER_FRAMEWORKS_DIR)",
				);
				GCC_PRECOMPILE_PREFIX_HEADER = YES;
				GCC_PREFIX_HEADER = "UNCApi/UNCApi-Prefix.pch";
				GCC_PREPROCESSOR_DEFINITIONS = (
					"DEBUG=1",
					"$(inherited)",
				);
				INFOPLIST_FILE = "UNCApiTests/UNCApiTests-Info.plist";
				PRODUCT_NAME = "$(TARGET_NAME)";
				TEST_HOST = "$(BUNDLE_LOADER)";
				WRAPPER_EXTENSION = xctest;
			};
			name = Debug;
		};
		BE14922A1919EDF900A86A12 /* Release */ = {
			isa = XCBuildConfiguration;
			buildSettings = {
				BUNDLE_LOADER = "$(BUILT_PRODUCTS_DIR)/UNCApi.app/UNCApi";
				FRAMEWORK_SEARCH_PATHS = (
					"$(SDKROOT)/Developer/Library/Frameworks",
					"$(inherited)",
					"$(DEVELOPER_FRAMEWORKS_DIR)",
				);
				GCC_PRECOMPILE_PREFIX_HEADER = YES;
				GCC_PREFIX_HEADER = "UNCApi/UNCApi-Prefix.pch";
				INFOPLIST_FILE = "UNCApiTests/UNCApiTests-Info.plist";
				PRODUCT_NAME = "$(TARGET_NAME)";
				TEST_HOST = "$(BUNDLE_LOADER)";
				WRAPPER_EXTENSION = xctest;
			};
			name = Release;
		};
/* End XCBuildConfiguration section */

/* Begin XCConfigurationList section */
		BE1491EE1919EDF900A86A12 /* Build configuration list for PBXProject "UNCApi" */ = {
			isa = XCConfigurationList;
			buildConfigurations = (
				BE1492231919EDF900A86A12 /* Debug */,
				BE1492241919EDF900A86A12 /* Release */,
			);
			defaultConfigurationIsVisible = 0;
			defaultConfigurationName = Release;
		};
		BE1492251919EDF900A86A12 /* Build configuration list for PBXNativeTarget "UNCApi" */ = {
			isa = XCConfigurationList;
			buildConfigurations = (
				BE1492261919EDF900A86A12 /* Debug */,
				BE1492271919EDF900A86A12 /* Release */,
			);
			defaultConfigurationIsVisible = 0;
		};
		BE1492281919EDF900A86A12 /* Build configuration list for PBXNativeTarget "UNCApiTests" */ = {
			isa = XCConfigurationList;
			buildConfigurations = (
				BE1492291919EDF900A86A12 /* Debug */,
				BE14922A1919EDF900A86A12 /* Release */,
			);
			defaultConfigurationIsVisible = 0;
		};
/* End XCConfigurationList section */
	};
	rootObject = BE1491EB1919EDF900A86A12 /* Project object */;
}
